
Microsoft Visual Studio Solution File, Format Version 12.00
# Visual Studio Version 16
VisualStudioVersion = 16.0.810.17
MinimumVisualStudioVersion = 10.0.40219.1
Project("{FAE04EC0-301F-11D3-BF4B-00C04F79EFBC}") = "NOBOIShooter", "NOBOIShooter.csproj", "{EEEDBC17-8699-4EF5-93DE-A560E61E04F0}"
EndProject
Global
	GlobalSection(SolutionConfigurationPlatforms) = preSolution
		Debug|Any CPU = Debug|Any CPU
		Release|Any CPU = Release|Any CPU
	EndGlobalSection
	GlobalSection(ProjectConfigurationPlatforms) = postSolution
		{EEEDBC17-8699-4EF5-93DE-A560E61E04F0}.Debug|Any CPU.ActiveCfg = Debug|Any CPU
		{EEEDBC17-8699-4EF5-93DE-A560E61E04F0}.Debug|Any CPU.Build.0 = Debug|Any CPU
		{EEEDBC17-8699-4EF5-93DE-A560E61E04F0}.Release|Any CPU.ActiveCfg = Release|Any CPU
		{EEEDBC17-8699-4EF5-93DE-A560E61E04F0}.Release|Any CPU.Build.0 = Release|Any CPU
	EndGlobalSection
	GlobalSection(SolutionProperties) = preSolution
		HideSolutionNode = FALSE
	EndGlobalSection
	GlobalSection(ExtensibilityGlobals) = postSolution
		SolutionGuid = {E1CD83D1-644A-4CBA-83DB-E8500F917F00}
	EndGlobalSection
EndGlobal
